
Microsoft Visual Studio Solution File, Format Version 12.00
# Visual Studio 14
VisualStudioVersion = 14.0.25420.1
MinimumVisualStudioVersion = 10.0.40219.1
Project("{2150E333-8FDC-42A3-9474-1A3956D46DE8}") = "Data", "Data", "{83445D2F-8C42-4B5B-87C8-B94C04FBCF9F}"
EndProject
Project("{2150E333-8FDC-42A3-9474-1A3956D46DE8}") = "Business", "Business", "{BBC70BB1-B97A-4616-BDCD-090222226A9F}"
EndProject
Project("{2150E333-8FDC-42A3-9474-1A3956D46DE8}") = "Services", "Services", "{07F5B176-5770-4F23-80B1-6F65177B8F6E}"
EndProject
Project("{2150E333-8FDC-42A3-9474-1A3956D46DE8}") = "Presentation", "Presentation", "{F36AA19F-759B-48D5-AD02-ECC3993D5D3D}"
EndProject
Project("{2150E333-8FDC-42A3-9474-1A3956D46DE8}") = "Hosts", "Hosts", "{41E09B30-CE09-4E6B-9CA6-9EE89F3AB7F4}"
EndProject
Project("{2150E333-8FDC-42A3-9474-1A3956D46DE8}") = "Shared", "Shared", "{6DFC3F2C-3448-4E30-B846-AD492E0D9F1F}"
EndProject
Project("{FAE04EC0-301F-11D3-BF4B-00C04F79EFBC}") = "Lasg.Framework", "Shared\Lasg.Framework\Lasg.Framework.csproj", "{7F76395B-2C4B-4E5D-BCBA-5E6D6DD40619}"
EndProject
Project("{FAE04EC0-301F-11D3-BF4B-00C04F79EFBC}") = "Lasg.Entities", "Shared\Lasg.Entities\Lasg.Entities.csproj", "{D3ACD77E-374D-4E3D-9A0E-6C6D951D5D44}"
EndProject
Project("{FAE04EC0-301F-11D3-BF4B-00C04F79EFBC}") = "Lasg.Data", "Data\Lasg.Data\Lasg.Data.csproj", "{5289ADC5-F011-4532-929B-AD2129F4FA73}"
EndProject
Project("{FAE04EC0-301F-11D3-BF4B-00C04F79EFBC}") = "Lasg.Business", "Business\Lasg.Business\Lasg.Business.csproj", "{319F7FD9-A892-4DE4-850B-D5CA09A722E0}"
EndProject
Project("{FAE04EC0-301F-11D3-BF4B-00C04F79EFBC}") = "Lasg.Services", "Services\Lasg.Services\Lasg.Services.csproj", "{FA82BE9D-EE5E-409A-94E9-DD91A58F04A9}"
EndProject
Project("{FAE04EC0-301F-11D3-BF4B-00C04F79EFBC}") = "Lasg.Services.Http", "Services\Lasg.Services.Http\Lasg.Services.Http.csproj", "{3443FC40-6EF5-46C1-8389-7E1006593974}"
EndProject
Project("{FAE04EC0-301F-11D3-BF4B-00C04F79EFBC}") = "Lasg.Hosts.Web", "Hosts\Lasg.Hosts.Web\Lasg.Hosts.Web.csproj", "{379D0385-2E09-4AE1-8042-9DD6141C743E}"
EndProject
Project("{FAE04EC0-301F-11D3-BF4B-00C04F79EFBC}") = "Lasg.UI.Process", "Presentation\Lasg.UI.Process\Lasg.UI.Process.csproj", "{4E119C54-6CD1-423F-B8D7-B507E5C21BEE}"
EndProject
Project("{FAE04EC0-301F-11D3-BF4B-00C04F79EFBC}") = "Lasg.UI.Web", "Presentation\Lasg.UI.Web\Lasg.UI.Web.csproj", "{800D9E27-7A0E-4B17-AFBE-C75B835AD2F7}"
EndProject
Project("{FAE04EC0-301F-11D3-BF4B-00C04F79EFBC}") = "Lasg.Services.Contracts", "Services\Lasg.Services.Contracts\Lasg.Services.Contracts.csproj", "{2901FC06-FC05-4947-BFE7-7F1FF5296073}"
EndProject
Global
	GlobalSection(SolutionConfigurationPlatforms) = preSolution
		Debug|Any CPU = Debug|Any CPU
		Release|Any CPU = Release|Any CPU
	EndGlobalSection
	GlobalSection(ProjectConfigurationPlatforms) = postSolution
		{7F76395B-2C4B-4E5D-BCBA-5E6D6DD40619}.Debug|Any CPU.ActiveCfg = Debug|Any CPU
		{7F76395B-2C4B-4E5D-BCBA-5E6D6DD40619}.Debug|Any CPU.Build.0 = Debug|Any CPU
		{7F76395B-2C4B-4E5D-BCBA-5E6D6DD40619}.Release|Any CPU.ActiveCfg = Release|Any CPU
		{7F76395B-2C4B-4E5D-BCBA-5E6D6DD40619}.Release|Any CPU.Build.0 = Release|Any CPU
		{D3ACD77E-374D-4E3D-9A0E-6C6D951D5D44}.Debug|Any CPU.ActiveCfg = Debug|Any CPU
		{D3ACD77E-374D-4E3D-9A0E-6C6D951D5D44}.Debug|Any CPU.Build.0 = Debug|Any CPU
		{D3ACD77E-374D-4E3D-9A0E-6C6D951D5D44}.Release|Any CPU.ActiveCfg = Release|Any CPU
		{D3ACD77E-374D-4E3D-9A0E-6C6D951D5D44}.Release|Any CPU.Build.0 = Release|Any CPU
		{5289ADC5-F011-4532-929B-AD2129F4FA73}.Debug|Any CPU.ActiveCfg = Debug|Any CPU
		{5289ADC5-F011-4532-929B-AD2129F4FA73}.Debug|Any CPU.Build.0 = Debug|Any CPU
		{5289ADC5-F011-4532-929B-AD2129F4FA73}.Release|Any CPU.ActiveCfg = Release|Any CPU
		{5289ADC5-F011-4532-929B-AD2129F4FA73}.Release|Any CPU.Build.0 = Release|Any CPU
		{319F7FD9-A892-4DE4-850B-D5CA09A722E0}.Debug|Any CPU.ActiveCfg = Debug|Any CPU
		{319F7FD9-A892-4DE4-850B-D5CA09A722E0}.Debug|Any CPU.Build.0 = Debug|Any CPU
		{319F7FD9-A892-4DE4-850B-D5CA09A722E0}.Release|Any CPU.ActiveCfg = Release|Any CPU
		{319F7FD9-A892-4DE4-850B-D5CA09A722E0}.Release|Any CPU.Build.0 = Release|Any CPU
		{FA82BE9D-EE5E-409A-94E9-DD91A58F04A9}.Debug|Any CPU.ActiveCfg = Debug|Any CPU
		{FA82BE9D-EE5E-409A-94E9-DD91A58F04A9}.Debug|Any CPU.Build.0 = Debug|Any CPU
		{FA82BE9D-EE5E-409A-94E9-DD91A58F04A9}.Release|Any CPU.ActiveCfg = Release|Any CPU
		{FA82BE9D-EE5E-409A-94E9-DD91A58F04A9}.Release|Any CPU.Build.0 = Release|Any CPU
		{3443FC40-6EF5-46C1-8389-7E1006593974}.Debug|Any CPU.ActiveCfg = Debug|Any CPU
		{3443FC40-6EF5-46C1-8389-7E1006593974}.Debug|Any CPU.Build.0 = Debug|Any CPU
		{3443FC40-6EF5-46C1-8389-7E1006593974}.Release|Any CPU.ActiveCfg = Release|Any CPU
		{3443FC40-6EF5-46C1-8389-7E1006593974}.Release|Any CPU.Build.0 = Release|Any CPU
		{379D0385-2E09-4AE1-8042-9DD6141C743E}.Debug|Any CPU.ActiveCfg = Debug|Any CPU
		{379D0385-2E09-4AE1-8042-9DD6141C743E}.Debug|Any CPU.Build.0 = Debug|Any CPU
		{379D0385-2E09-4AE1-8042-9DD6141C743E}.Release|Any CPU.ActiveCfg = Release|Any CPU
		{379D0385-2E09-4AE1-8042-9DD6141C743E}.Release|Any CPU.Build.0 = Release|Any CPU
		{4E119C54-6CD1-423F-B8D7-B507E5C21BEE}.Debug|Any CPU.ActiveCfg = Debug|Any CPU
		{4E119C54-6CD1-423F-B8D7-B507E5C21BEE}.Debug|Any CPU.Build.0 = Debug|Any CPU
		{4E119C54-6CD1-423F-B8D7-B507E5C21BEE}.Release|Any CPU.ActiveCfg = Release|Any CPU
		{4E119C54-6CD1-423F-B8D7-B507E5C21BEE}.Release|Any CPU.Build.0 = Release|Any CPU
		{800D9E27-7A0E-4B17-AFBE-C75B835AD2F7}.Debug|Any CPU.ActiveCfg = Debug|Any CPU
		{800D9E27-7A0E-4B17-AFBE-C75B835AD2F7}.Debug|Any CPU.Build.0 = Debug|Any CPU
		{800D9E27-7A0E-4B17-AFBE-C75B835AD2F7}.Release|Any CPU.ActiveCfg = Release|Any CPU
		{800D9E27-7A0E-4B17-AFBE-C75B835AD2F7}.Release|Any CPU.Build.0 = Release|Any CPU
		{2901FC06-FC05-4947-BFE7-7F1FF5296073}.Debug|Any CPU.ActiveCfg = Debug|Any CPU
		{2901FC06-FC05-4947-BFE7-7F1FF5296073}.Debug|Any CPU.Build.0 = Debug|Any CPU
		{2901FC06-FC05-4947-BFE7-7F1FF5296073}.Release|Any CPU.ActiveCfg = Release|Any CPU
		{2901FC06-FC05-4947-BFE7-7F1FF5296073}.Release|Any CPU.Build.0 = Release|Any CPU
	EndGlobalSection
	GlobalSection(SolutionProperties) = preSolution
		HideSolutionNode = FALSE
	EndGlobalSection
	GlobalSection(NestedProjects) = preSolution
		{7F76395B-2C4B-4E5D-BCBA-5E6D6DD40619} = {6DFC3F2C-3448-4E30-B846-AD492E0D9F1F}
		{D3ACD77E-374D-4E3D-9A0E-6C6D951D5D44} = {6DFC3F2C-3448-4E30-B846-AD492E0D9F1F}
		{5289ADC5-F011-4532-929B-AD2129F4FA73} = {83445D2F-8C42-4B5B-87C8-B94C04FBCF9F}
		{319F7FD9-A892-4DE4-850B-D5CA09A722E0} = {BBC70BB1-B97A-4616-BDCD-090222226A9F}
		{FA82BE9D-EE5E-409A-94E9-DD91A58F04A9} = {07F5B176-5770-4F23-80B1-6F65177B8F6E}
		{3443FC40-6EF5-46C1-8389-7E1006593974} = {07F5B176-5770-4F23-80B1-6F65177B8F6E}
		{379D0385-2E09-4AE1-8042-9DD6141C743E} = {41E09B30-CE09-4E6B-9CA6-9EE89F3AB7F4}
		{4E119C54-6CD1-423F-B8D7-B507E5C21BEE} = {F36AA19F-759B-48D5-AD02-ECC3993D5D3D}
		{800D9E27-7A0E-4B17-AFBE-C75B835AD2F7} = {F36AA19F-759B-48D5-AD02-ECC3993D5D3D}
		{2901FC06-FC05-4947-BFE7-7F1FF5296073} = {07F5B176-5770-4F23-80B1-6F65177B8F6E}
	EndGlobalSection
EndGlobal
